
Microsoft Visual Studio Solution File, Format Version 12.00
# Visual Studio Version 17
VisualStudioVersion = 17.4.33403.182
MinimumVisualStudioVersion = 10.0.40219.1
Project("{FAE04EC0-301F-11D3-BF4B-00C04F79EFBC}") = "Bichota_Concert", "Bichota_Concert\Bichota_Concert.csproj", "{A1106037-36FC-4183-9F95-8529F8041719}"
EndProject
Global
	GlobalSection(SolutionConfigurationPlatforms) = preSolution
		Debug|Any CPU = Debug|Any CPU
		Release|Any CPU = Release|Any CPU
	EndGlobalSection
	GlobalSection(ProjectConfigurationPlatforms) = postSolution
		{A1106037-36FC-4183-9F95-8529F8041719}.Debug|Any CPU.ActiveCfg = Debug|Any CPU
		{A1106037-36FC-4183-9F95-8529F8041719}.Debug|Any CPU.Build.0 = Debug|Any CPU
		{A1106037-36FC-4183-9F95-8529F8041719}.Release|Any CPU.ActiveCfg = Release|Any CPU
		{A1106037-36FC-4183-9F95-8529F8041719}.Release|Any CPU.Build.0 = Release|Any CPU
	EndGlobalSection
	GlobalSection(SolutionProperties) = preSolution
		HideSolutionNode = FALSE
	EndGlobalSection
	GlobalSection(ExtensibilityGlobals) = postSolution
		SolutionGuid = {2EC2DEFA-321A-466B-BBAB-7A961A30BFCB}
	EndGlobalSection
EndGlobal
